
Microsoft Visual Studio Solution File, Format Version 12.00
# Visual Studio Version 17
VisualStudioVersion = 17.11.35327.3
MinimumVisualStudioVersion = 10.0.40219.1
Project("{FAE04EC0-301F-11D3-BF4B-00C04F79EFBC}") = "Accounts States", "Accounts States\Accounts States.csproj", "{14BA5134-9BA6-42C5-964B-A0DDF58D6EBC}"
EndProject
Global
	GlobalSection(SolutionConfigurationPlatforms) = preSolution
		Debug|Any CPU = Debug|Any CPU
		Release|Any CPU = Release|Any CPU
	EndGlobalSection
	GlobalSection(ProjectConfigurationPlatforms) = postSolution
		{14BA5134-9BA6-42C5-964B-A0DDF58D6EBC}.Debug|Any CPU.ActiveCfg = Debug|Any CPU
		{14BA5134-9BA6-42C5-964B-A0DDF58D6EBC}.Debug|Any CPU.Build.0 = Debug|Any CPU
		{14BA5134-9BA6-42C5-964B-A0DDF58D6EBC}.Release|Any CPU.ActiveCfg = Release|Any CPU
		{14BA5134-9BA6-42C5-964B-A0DDF58D6EBC}.Release|Any CPU.Build.0 = Release|Any CPU
	EndGlobalSection
	GlobalSection(SolutionProperties) = preSolution
		HideSolutionNode = FALSE
	EndGlobalSection
	GlobalSection(ExtensibilityGlobals) = postSolution
		SolutionGuid = {CBA822AE-49A9-4943-8C56-EFD097C57440}
	EndGlobalSection
EndGlobal
